// !$*UTF8*$!
{
	archiveVersion = 1;
	classes = {
	};
	objectVersion = 56;
	objects = {

/* Begin PBXBuildFile section */
		025273312A68043A002A2688 /* DatabaseManager.swift in Sources */ = {isa = PBXBuildFile; fileRef = 025273302A68043A002A2688 /* DatabaseManager.swift */; };
		025273342A68046B002A2688 /* FirebaseDatabase in Frameworks */ = {isa = PBXBuildFile; productRef = 025273332A68046B002A2688 /* FirebaseDatabase */; };
		025273362A680474002A2688 /* FirebaseDatabaseSwift in Frameworks */ = {isa = PBXBuildFile; productRef = 025273352A680474002A2688 /* FirebaseDatabaseSwift */; };
		025273382A6805FB002A2688 /* GoogleService-Info.plist in Resources */ = {isa = PBXBuildFile; fileRef = 025273372A6805FB002A2688 /* GoogleService-Info.plist */; };
		0252733B2A68068B002A2688 /* ChatAppUser.swift in Sources */ = {isa = PBXBuildFile; fileRef = 0252733A2A68068B002A2688 /* ChatAppUser.swift */; };
		028EA2A82A67E855003965DC /* AppDelegate.swift in Sources */ = {isa = PBXBuildFile; fileRef = 028EA2A72A67E855003965DC /* AppDelegate.swift */; };
		028EA2AA2A67E855003965DC /* SceneDelegate.swift in Sources */ = {isa = PBXBuildFile; fileRef = 028EA2A92A67E855003965DC /* SceneDelegate.swift */; };
		028EA2AC2A67E855003965DC /* ViewController.swift in Sources */ = {isa = PBXBuildFile; fileRef = 028EA2AB2A67E855003965DC /* ViewController.swift */; };
		028EA2AF2A67E855003965DC /* Main.storyboard in Resources */ = {isa = PBXBuildFile; fileRef = 028EA2AD2A67E855003965DC /* Main.storyboard */; };
		028EA2B12A67E856003965DC /* Assets.xcassets in Resources */ = {isa = PBXBuildFile; fileRef = 028EA2B02A67E856003965DC /* Assets.xcassets */; };
		028EA2B42A67E856003965DC /* LaunchScreen.storyboard in Resources */ = {isa = PBXBuildFile; fileRef = 028EA2B22A67E856003965DC /* LaunchScreen.storyboard */; };
		028EA2BF2A67EDF0003965DC /* FirebaseAuth in Frameworks */ = {isa = PBXBuildFile; productRef = 028EA2BE2A67EDF0003965DC /* FirebaseAuth */; };
		028EA2C72A67F065003965DC /* PrimaryButton.swift in Sources */ = {isa = PBXBuildFile; fileRef = 028EA2C62A67F065003965DC /* PrimaryButton.swift */; };
		028EA2C92A67F08C003965DC /* BaseViewController.swift in Sources */ = {isa = PBXBuildFile; fileRef = 028EA2C82A67F08C003965DC /* BaseViewController.swift */; };
		028EA2CD2A67F18A003965DC /* WelcomeViewController.swift in Sources */ = {isa = PBXBuildFile; fileRef = 028EA2CC2A67F18A003965DC /* WelcomeViewController.swift */; };
		028EA2D02A67F545003965DC /* LoginViewController.swift in Sources */ = {isa = PBXBuildFile; fileRef = 028EA2CF2A67F545003965DC /* LoginViewController.swift */; };
		028EA2D22A67F5E8003965DC /* UIView+Extensions.swift in Sources */ = {isa = PBXBuildFile; fileRef = 028EA2D12A67F5E8003965DC /* UIView+Extensions.swift */; };
		028EA2D42A67F63F003965DC /* BaseTextField.swift in Sources */ = {isa = PBXBuildFile; fileRef = 028EA2D32A67F63F003965DC /* BaseTextField.swift */; };
		028EA2D72A67F972003965DC /* RegisterViewController.swift in Sources */ = {isa = PBXBuildFile; fileRef = 028EA2D62A67F972003965DC /* RegisterViewController.swift */; };
		028EA2D92A67FB27003965DC /* SecondaryButton.swift in Sources */ = {isa = PBXBuildFile; fileRef = 028EA2D82A67FB27003965DC /* SecondaryButton.swift */; };
/* End PBXBuildFile section */

/* Begin PBXFileReference section */
		025273302A68043A002A2688 /* DatabaseManager.swift */ = {isa = PBXFileReference; lastKnownFileType = sourcecode.swift; path = DatabaseManager.swift; sourceTree = "<group>"; };
		025273372A6805FB002A2688 /* GoogleService-Info.plist */ = {isa = PBXFileReference; fileEncoding = 4; lastKnownFileType = text.plist.xml; path = "GoogleService-Info.plist"; sourceTree = "<group>"; };
		0252733A2A68068B002A2688 /* ChatAppUser.swift */ = {isa = PBXFileReference; lastKnownFileType = sourcecode.swift; path = ChatAppUser.swift; sourceTree = "<group>"; };
		028EA2A42A67E855003965DC /* RealTimeChat.app */ = {isa = PBXFileReference; explicitFileType = wrapper.application; includeInIndex = 0; path = RealTimeChat.app; sourceTree = BUILT_PRODUCTS_DIR; };
		028EA2A72A67E855003965DC /* AppDelegate.swift */ = {isa = PBXFileReference; lastKnownFileType = sourcecode.swift; path = AppDelegate.swift; sourceTree = "<group>"; };
		028EA2A92A67E855003965DC /* SceneDelegate.swift */ = {isa = PBXFileReference; lastKnownFileType = sourcecode.swift; path = SceneDelegate.swift; sourceTree = "<group>"; };
		028EA2AB2A67E855003965DC /* ViewController.swift */ = {isa = PBXFileReference; lastKnownFileType = sourcecode.swift; path = ViewController.swift; sourceTree = "<group>"; };
		028EA2AE2A67E855003965DC /* Base */ = {isa = PBXFileReference; lastKnownFileType = file.storyboard; name = Base; path = Base.lproj/Main.storyboard; sourceTree = "<group>"; };
		028EA2B02A67E856003965DC /* Assets.xcassets */ = {isa = PBXFileReference; lastKnownFileType = folder.assetcatalog; path = Assets.xcassets; sourceTree = "<group>"; };
		028EA2B32A67E856003965DC /* Base */ = {isa = PBXFileReference; lastKnownFileType = file.storyboard; name = Base; path = Base.lproj/LaunchScreen.storyboard; sourceTree = "<group>"; };
		028EA2B52A67E856003965DC /* Info.plist */ = {isa = PBXFileReference; lastKnownFileType = text.plist.xml; path = Info.plist; sourceTree = "<group>"; };
		028EA2BC2A67E8E4003965DC /* README.md */ = {isa = PBXFileReference; lastKnownFileType = net.daringfireball.markdown; path = README.md; sourceTree = "<group>"; };
		028EA2C62A67F065003965DC /* PrimaryButton.swift */ = {isa = PBXFileReference; lastKnownFileType = sourcecode.swift; path = PrimaryButton.swift; sourceTree = "<group>"; };
		028EA2C82A67F08C003965DC /* BaseViewController.swift */ = {isa = PBXFileReference; lastKnownFileType = sourcecode.swift; path = BaseViewController.swift; sourceTree = "<group>"; };
		028EA2CC2A67F18A003965DC /* WelcomeViewController.swift */ = {isa = PBXFileReference; lastKnownFileType = sourcecode.swift; path = WelcomeViewController.swift; sourceTree = "<group>"; };
		028EA2CF2A67F545003965DC /* LoginViewController.swift */ = {isa = PBXFileReference; lastKnownFileType = sourcecode.swift; path = LoginViewController.swift; sourceTree = "<group>"; };
		028EA2D12A67F5E8003965DC /* UIView+Extensions.swift */ = {isa = PBXFileReference; lastKnownFileType = sourcecode.swift; path = "UIView+Extensions.swift"; sourceTree = "<group>"; };
		028EA2D32A67F63F003965DC /* BaseTextField.swift */ = {isa = PBXFileReference; lastKnownFileType = sourcecode.swift; path = BaseTextField.swift; sourceTree = "<group>"; };
		028EA2D62A67F972003965DC /* RegisterViewController.swift */ = {isa = PBXFileReference; lastKnownFileType = sourcecode.swift; path = RegisterViewController.swift; sourceTree = "<group>"; };
		028EA2D82A67FB27003965DC /* SecondaryButton.swift */ = {isa = PBXFileReference; lastKnownFileType = sourcecode.swift; path = SecondaryButton.swift; sourceTree = "<group>"; };
/* End PBXFileReference section */

/* Begin PBXFrameworksBuildPhase section */
		028EA2A12A67E855003965DC /* Frameworks */ = {
			isa = PBXFrameworksBuildPhase;
			buildActionMask = 2147483647;
			files = (
				025273362A680474002A2688 /* FirebaseDatabaseSwift in Frameworks */,
				025273342A68046B002A2688 /* FirebaseDatabase in Frameworks */,
				028EA2BF2A67EDF0003965DC /* FirebaseAuth in Frameworks */,
			);
			runOnlyForDeploymentPostprocessing = 0;
		};
/* End PBXFrameworksBuildPhase section */

/* Begin PBXGroup section */
		0252732F2A680424002A2688 /* Network */ = {
			isa = PBXGroup;
			children = (
				025273302A68043A002A2688 /* DatabaseManager.swift */,
			);
			path = Network;
			sourceTree = "<group>";
		};
		025273322A68046B002A2688 /* Frameworks */ = {
			isa = PBXGroup;
			children = (
			);
			name = Frameworks;
			sourceTree = "<group>";
		};
		025273392A680678002A2688 /* Models */ = {
			isa = PBXGroup;
			children = (
				0252733A2A68068B002A2688 /* ChatAppUser.swift */,
			);
			path = Models;
			sourceTree = "<group>";
		};
		028EA29B2A67E855003965DC = {
			isa = PBXGroup;
			children = (
				028EA2BC2A67E8E4003965DC /* README.md */,
				028EA2A62A67E855003965DC /* RealTimeChat */,
				028EA2A52A67E855003965DC /* Products */,
				025273322A68046B002A2688 /* Frameworks */,
			);
			sourceTree = "<group>";
		};
		028EA2A52A67E855003965DC /* Products */ = {
			isa = PBXGroup;
			children = (
				028EA2A42A67E855003965DC /* RealTimeChat.app */,
			);
			name = Products;
			sourceTree = "<group>";
		};
		028EA2A62A67E855003965DC /* RealTimeChat */ = {
			isa = PBXGroup;
			children = (
				025273392A680678002A2688 /* Models */,
				0252732F2A680424002A2688 /* Network */,
				028EA2CA2A67F16B003965DC /* Features */,
				028EA2C32A67EEF0003965DC /* Core */,
				028EA2C22A67EE22003965DC /* Supporting Files */,
				028EA2BB2A67E884003965DC /* App */,
			);
			path = RealTimeChat;
			sourceTree = "<group>";
		};
		028EA2BB2A67E884003965DC /* App */ = {
			isa = PBXGroup;
			children = (
				028EA2A72A67E855003965DC /* AppDelegate.swift */,
				028EA2A92A67E855003965DC /* SceneDelegate.swift */,
				028EA2AB2A67E855003965DC /* ViewController.swift */,
			);
			path = App;
			sourceTree = "<group>";
		};
		028EA2C22A67EE22003965DC /* Supporting Files */ = {
			isa = PBXGroup;
			children = (
				028EA2AD2A67E855003965DC /* Main.storyboard */,
				028EA2B02A67E856003965DC /* Assets.xcassets */,
				028EA2B22A67E856003965DC /* LaunchScreen.storyboard */,
				025273372A6805FB002A2688 /* GoogleService-Info.plist */,
				028EA2B52A67E856003965DC /* Info.plist */,
			);
			name = "Supporting Files";
			sourceTree = "<group>";
		};
		028EA2C32A67EEF0003965DC /* Core */ = {
			isa = PBXGroup;
			children = (
				028EA2C52A67EF03003965DC /* Extensions */,
				028EA2C42A67EEF8003965DC /* Base */,
			);
			path = Core;
			sourceTree = "<group>";
		};
		028EA2C42A67EEF8003965DC /* Base */ = {
			isa = PBXGroup;
			children = (
				028EA2C62A67F065003965DC /* PrimaryButton.swift */,
				028EA2C82A67F08C003965DC /* BaseViewController.swift */,
				028EA2D32A67F63F003965DC /* BaseTextField.swift */,
				028EA2D82A67FB27003965DC /* SecondaryButton.swift */,
			);
			path = Base;
			sourceTree = "<group>";
		};
		028EA2C52A67EF03003965DC /* Extensions */ = {
			isa = PBXGroup;
			children = (
				028EA2D12A67F5E8003965DC /* UIView+Extensions.swift */,
			);
			path = Extensions;
			sourceTree = "<group>";
		};
		028EA2CA2A67F16B003965DC /* Features */ = {
			isa = PBXGroup;
			children = (
				028EA2D52A67F960003965DC /* Register */,
				028EA2CE2A67F533003965DC /* Login */,
				028EA2CB2A67F171003965DC /* Welcome */,
			);
			path = Features;
			sourceTree = "<group>";
		};
		028EA2CB2A67F171003965DC /* Welcome */ = {
			isa = PBXGroup;
			children = (
				028EA2CC2A67F18A003965DC /* WelcomeViewController.swift */,
			);
			path = Welcome;
			sourceTree = "<group>";
		};
		028EA2CE2A67F533003965DC /* Login */ = {
			isa = PBXGroup;
			children = (
				028EA2CF2A67F545003965DC /* LoginViewController.swift */,
			);
			path = Login;
			sourceTree = "<group>";
		};
		028EA2D52A67F960003965DC /* Register */ = {
			isa = PBXGroup;
			children = (
				028EA2D62A67F972003965DC /* RegisterViewController.swift */,
			);
			path = Register;
			sourceTree = "<group>";
		};
/* End PBXGroup section */

/* Begin PBXNativeTarget section */
		028EA2A32A67E855003965DC /* RealTimeChat */ = {
			isa = PBXNativeTarget;
			buildConfigurationList = 028EA2B82A67E856003965DC /* Build configuration list for PBXNativeTarget "RealTimeChat" */;
			buildPhases = (
				028EA2A02A67E855003965DC /* Sources */,
				028EA2A12A67E855003965DC /* Frameworks */,
				028EA2A22A67E855003965DC /* Resources */,
			);
			buildRules = (
			);
			dependencies = (
			);
			name = RealTimeChat;
			packageProductDependencies = (
				028EA2BE2A67EDF0003965DC /* FirebaseAuth */,
				025273332A68046B002A2688 /* FirebaseDatabase */,
				025273352A680474002A2688 /* FirebaseDatabaseSwift */,
			);
			productName = RealTimeChat;
			productReference = 028EA2A42A67E855003965DC /* RealTimeChat.app */;
			productType = "com.apple.product-type.application";
		};
/* End PBXNativeTarget section */

/* Begin PBXProject section */
		028EA29C2A67E855003965DC /* Project object */ = {
			isa = PBXProject;
			attributes = {
				BuildIndependentTargetsInParallel = 1;
				LastSwiftUpdateCheck = 1430;
				LastUpgradeCheck = 1430;
				TargetAttributes = {
					028EA2A32A67E855003965DC = {
						CreatedOnToolsVersion = 14.3.1;
					};
				};
			};
			buildConfigurationList = 028EA29F2A67E855003965DC /* Build configuration list for PBXProject "RealTimeChat" */;
			compatibilityVersion = "Xcode 14.0";
			developmentRegion = en;
			hasScannedForEncodings = 0;
			knownRegions = (
				en,
				Base,
			);
			mainGroup = 028EA29B2A67E855003965DC;
			packageReferences = (
				028EA2BD2A67EDF0003965DC /* XCRemoteSwiftPackageReference "firebase-ios-sdk" */,
			);
			productRefGroup = 028EA2A52A67E855003965DC /* Products */;
			projectDirPath = "";
			projectRoot = "";
			targets = (
				028EA2A32A67E855003965DC /* RealTimeChat */,
			);
		};
/* End PBXProject section */

/* Begin PBXResourcesBuildPhase section */
		028EA2A22A67E855003965DC /* Resources */ = {
			isa = PBXResourcesBuildPhase;
			buildActionMask = 2147483647;
			files = (
				028EA2B42A67E856003965DC /* LaunchScreen.storyboard in Resources */,
				025273382A6805FB002A2688 /* GoogleService-Info.plist in Resources */,
				028EA2B12A67E856003965DC /* Assets.xcassets in Resources */,
				028EA2AF2A67E855003965DC /* Main.storyboard in Resources */,
			);
			runOnlyForDeploymentPostprocessing = 0;
		};
/* End PBXResourcesBuildPhase section */

/* Begin PBXSourcesBuildPhase section */
		028EA2A02A67E855003965DC /* Sources */ = {
			isa = PBXSourcesBuildPhase;
			buildActionMask = 2147483647;
			files = (
				0252733B2A68068B002A2688 /* ChatAppUser.swift in Sources */,
				028EA2D92A67FB27003965DC /* SecondaryButton.swift in Sources */,
				028EA2D02A67F545003965DC /* LoginViewController.swift in Sources */,
				028EA2D72A67F972003965DC /* RegisterViewController.swift in Sources */,
				028EA2C92A67F08C003965DC /* BaseViewController.swift in Sources */,
				028EA2AC2A67E855003965DC /* ViewController.swift in Sources */,
				028EA2D42A67F63F003965DC /* BaseTextField.swift in Sources */,
				028EA2A82A67E855003965DC /* AppDelegate.swift in Sources */,
				028EA2CD2A67F18A003965DC /* WelcomeViewController.swift in Sources */,
				025273312A68043A002A2688 /* DatabaseManager.swift in Sources */,
				028EA2C72A67F065003965DC /* PrimaryButton.swift in Sources */,
				028EA2D22A67F5E8003965DC /* UIView+Extensions.swift in Sources */,
				028EA2AA2A67E855003965DC /* SceneDelegate.swift in Sources */,
			);
			runOnlyForDeploymentPostprocessing = 0;
		};
/* End PBXSourcesBuildPhase section */

/* Begin PBXVariantGroup section */
		028EA2AD2A67E855003965DC /* Main.storyboard */ = {
			isa = PBXVariantGroup;
			children = (
				028EA2AE2A67E855003965DC /* Base */,
			);
			name = Main.storyboard;
			sourceTree = "<group>";
		};
		028EA2B22A67E856003965DC /* LaunchScreen.storyboard */ = {
			isa = PBXVariantGroup;
			children = (
				028EA2B32A67E856003965DC /* Base */,
			);
			name = LaunchScreen.storyboard;
			sourceTree = "<group>";
		};
/* End PBXVariantGroup section */

/* Begin XCBuildConfiguration section */
		028EA2B62A67E856003965DC /* Debug */ = {
			isa = XCBuildConfiguration;
			buildSettings = {
				ALWAYS_SEARCH_USER_PATHS = NO;
				CLANG_ANALYZER_NONNULL = YES;
				CLANG_ANALYZER_NUMBER_OBJECT_CONVERSION = YES_AGGRESSIVE;
				CLANG_CXX_LANGUAGE_STANDARD = "gnu++20";
				CLANG_ENABLE_MODULES = YES;
				CLANG_ENABLE_OBJC_ARC = YES;
				CLANG_ENABLE_OBJC_WEAK = YES;
				CLANG_WARN_BLOCK_CAPTURE_AUTORELEASING = YES;
				CLANG_WARN_BOOL_CONVERSION = YES;
				CLANG_WARN_COMMA = YES;
				CLANG_WARN_CONSTANT_CONVERSION = YES;
				CLANG_WARN_DEPRECATED_OBJC_IMPLEMENTATIONS = YES;
				CLANG_WARN_DIRECT_OBJC_ISA_USAGE = YES_ERROR;
				CLANG_WARN_DOCUMENTATION_COMMENTS = YES;
				CLANG_WARN_EMPTY_BODY = YES;
				CLANG_WARN_ENUM_CONVERSION = YES;
				CLANG_WARN_INFINITE_RECURSION = YES;
				CLANG_WARN_INT_CONVERSION = YES;
				CLANG_WARN_NON_LITERAL_NULL_CONVERSION = YES;
				CLANG_WARN_OBJC_IMPLICIT_RETAIN_SELF = YES;
				CLANG_WARN_OBJC_LITERAL_CONVERSION = YES;
				CLANG_WARN_OBJC_ROOT_CLASS = YES_ERROR;
				CLANG_WARN_QUOTED_INCLUDE_IN_FRAMEWORK_HEADER = YES;
				CLANG_WARN_RANGE_LOOP_ANALYSIS = YES;
				CLANG_WARN_STRICT_PROTOTYPES = YES;
				CLANG_WARN_SUSPICIOUS_MOVE = YES;
				CLANG_WARN_UNGUARDED_AVAILABILITY = YES_AGGRESSIVE;
				CLANG_WARN_UNREACHABLE_CODE = YES;
				CLANG_WARN__DUPLICATE_METHOD_MATCH = YES;
				COPY_PHASE_STRIP = NO;
				DEBUG_INFORMATION_FORMAT = dwarf;
				ENABLE_STRICT_OBJC_MSGSEND = YES;
				ENABLE_TESTABILITY = YES;
				GCC_C_LANGUAGE_STANDARD = gnu11;
				GCC_DYNAMIC_NO_PIC = NO;
				GCC_NO_COMMON_BLOCKS = YES;
				GCC_OPTIMIZATION_LEVEL = 0;
				GCC_PREPROCESSOR_DEFINITIONS = (
					"DEBUG=1",
					"$(inherited)",
				);
				GCC_WARN_64_TO_32_BIT_CONVERSION = YES;
				GCC_WARN_ABOUT_RETURN_TYPE = YES_ERROR;
				GCC_WARN_UNDECLARED_SELECTOR = YES;
				GCC_WARN_UNINITIALIZED_AUTOS = YES_AGGRESSIVE;
				GCC_WARN_UNUSED_FUNCTION = YES;
				GCC_WARN_UNUSED_VARIABLE = YES;
				IPHONEOS_DEPLOYMENT_TARGET = 16.4;
				MTL_ENABLE_DEBUG_INFO = INCLUDE_SOURCE;
				MTL_FAST_MATH = YES;
				ONLY_ACTIVE_ARCH = YES;
				SDKROOT = iphoneos;
				SWIFT_ACTIVE_COMPILATION_CONDITIONS = DEBUG;
				SWIFT_OPTIMIZATION_LEVEL = "-Onone";
			};
			name = Debug;
		};
		028EA2B72A67E856003965DC /* Release */ = {
			isa = XCBuildConfiguration;
			buildSettings = {
				ALWAYS_SEARCH_USER_PATHS = NO;
				CLANG_ANALYZER_NONNULL = YES;
				CLANG_ANALYZER_NUMBER_OBJECT_CONVERSION = YES_AGGRESSIVE;
				CLANG_CXX_LANGUAGE_STANDARD = "gnu++20";
				CLANG_ENABLE_MODULES = YES;
				CLANG_ENABLE_OBJC_ARC = YES;
				CLANG_ENABLE_OBJC_WEAK = YES;
				CLANG_WARN_BLOCK_CAPTURE_AUTORELEASING = YES;
				CLANG_WARN_BOOL_CONVERSION = YES;
				CLANG_WARN_COMMA = YES;
				CLANG_WARN_CONSTANT_CONVERSION = YES;
				CLANG_WARN_DEPRECATED_OBJC_IMPLEMENTATIONS = YES;
				CLANG_WARN_DIRECT_OBJC_ISA_USAGE = YES_ERROR;
				CLANG_WARN_DOCUMENTATION_COMMENTS = YES;
				CLANG_WARN_EMPTY_BODY = YES;
				CLANG_WARN_ENUM_CONVERSION = YES;
				CLANG_WARN_INFINITE_RECURSION = YES;
				CLANG_WARN_INT_CONVERSION = YES;
				CLANG_WARN_NON_LITERAL_NULL_CONVERSION = YES;
				CLANG_WARN_OBJC_IMPLICIT_RETAIN_SELF = YES;
				CLANG_WARN_OBJC_LITERAL_CONVERSION = YES;
				CLANG_WARN_OBJC_ROOT_CLASS = YES_ERROR;
				CLANG_WARN_QUOTED_INCLUDE_IN_FRAMEWORK_HEADER = YES;
				CLANG_WARN_RANGE_LOOP_ANALYSIS = YES;
				CLANG_WARN_STRICT_PROTOTYPES = YES;
				CLANG_WARN_SUSPICIOUS_MOVE = YES;
				CLANG_WARN_UNGUARDED_AVAILABILITY = YES_AGGRESSIVE;
				CLANG_WARN_UNREACHABLE_CODE = YES;
				CLANG_WARN__DUPLICATE_METHOD_MATCH = YES;
				COPY_PHASE_STRIP = NO;
				DEBUG_INFORMATION_FORMAT = "dwarf-with-dsym";
				ENABLE_NS_ASSERTIONS = NO;
				ENABLE_STRICT_OBJC_MSGSEND = YES;
				GCC_C_LANGUAGE_STANDARD = gnu11;
				GCC_NO_COMMON_BLOCKS = YES;
				GCC_WARN_64_TO_32_BIT_CONVERSION = YES;
				GCC_WARN_ABOUT_RETURN_TYPE = YES_ERROR;
				GCC_WARN_UNDECLARED_SELECTOR = YES;
				GCC_WARN_UNINITIALIZED_AUTOS = YES_AGGRESSIVE;
				GCC_WARN_UNUSED_FUNCTION = YES;
				GCC_WARN_UNUSED_VARIABLE = YES;
				IPHONEOS_DEPLOYMENT_TARGET = 16.4;
				MTL_ENABLE_DEBUG_INFO = NO;
				MTL_FAST_MATH = YES;
				SDKROOT = iphoneos;
				SWIFT_COMPILATION_MODE = wholemodule;
				SWIFT_OPTIMIZATION_LEVEL = "-O";
				VALIDATE_PRODUCT = YES;
			};
			name = Release;
		};
		028EA2B92A67E856003965DC /* Debug */ = {
			isa = XCBuildConfiguration;
			buildSettings = {
				ASSETCATALOG_COMPILER_APPICON_NAME = AppIcon;
				ASSETCATALOG_COMPILER_GLOBAL_ACCENT_COLOR_NAME = AccentColor;
				CODE_SIGN_STYLE = Automatic;
				CURRENT_PROJECT_VERSION = 1;
				DEVELOPMENT_TEAM = 723HTEFHBA;
				GENERATE_INFOPLIST_FILE = YES;
				INFOPLIST_FILE = RealTimeChat/Info.plist;
				INFOPLIST_KEY_UIApplicationSupportsIndirectInputEvents = YES;
				INFOPLIST_KEY_UILaunchStoryboardName = LaunchScreen;
				INFOPLIST_KEY_UIMainStoryboardFile = Main;
				INFOPLIST_KEY_UISupportedInterfaceOrientations_iPad = "UIInterfaceOrientationPortrait UIInterfaceOrientationPortraitUpsideDown UIInterfaceOrientationLandscapeLeft UIInterfaceOrientationLandscapeRight";
				INFOPLIST_KEY_UISupportedInterfaceOrientations_iPhone = "UIInterfaceOrientationPortrait UIInterfaceOrientationLandscapeLeft UIInterfaceOrientationLandscapeRight";
				LD_RUNPATH_SEARCH_PATHS = (
					"$(inherited)",
					"@executable_path/Frameworks",
				);
				MARKETING_VERSION = 1.0;
				PRODUCT_BUNDLE_IDENTIFIER = ru.fibeapp.RealTimeChat;
				PRODUCT_NAME = "$(TARGET_NAME)";
				SWIFT_EMIT_LOC_STRINGS = YES;
				SWIFT_VERSION = 5.0;
				TARGETED_DEVICE_FAMILY = "1,2";
			};
			name = Debug;
		};
		028EA2BA2A67E856003965DC /* Release */ = {
			isa = XCBuildConfiguration;
			buildSettings = {
				ASSETCATALOG_COMPILER_APPICON_NAME = AppIcon;
				ASSETCATALOG_COMPILER_GLOBAL_ACCENT_COLOR_NAME = AccentColor;
				CODE_SIGN_STYLE = Automatic;
				CURRENT_PROJECT_VERSION = 1;
				DEVELOPMENT_TEAM = 723HTEFHBA;
				GENERATE_INFOPLIST_FILE = YES;
				INFOPLIST_FILE = RealTimeChat/Info.plist;
				INFOPLIST_KEY_UIApplicationSupportsIndirectInputEvents = YES;
				INFOPLIST_KEY_UILaunchStoryboardName = LaunchScreen;
				INFOPLIST_KEY_UIMainStoryboardFile = Main;
				INFOPLIST_KEY_UISupportedInterfaceOrientations_iPad = "UIInterfaceOrientationPortrait UIInterfaceOrientationPortraitUpsideDown UIInterfaceOrientationLandscapeLeft UIInterfaceOrientationLandscapeRight";
				INFOPLIST_KEY_UISupportedInterfaceOrientations_iPhone = "UIInterfaceOrientationPortrait UIInterfaceOrientationLandscapeLeft UIInterfaceOrientationLandscapeRight";
				LD_RUNPATH_SEARCH_PATHS = (
					"$(inherited)",
					"@executable_path/Frameworks",
				);
				MARKETING_VERSION = 1.0;
				PRODUCT_BUNDLE_IDENTIFIER = ru.fibeapp.RealTimeChat;
				PRODUCT_NAME = "$(TARGET_NAME)";
				SWIFT_EMIT_LOC_STRINGS = YES;
				SWIFT_VERSION = 5.0;
				TARGETED_DEVICE_FAMILY = "1,2";
			};
			name = Release;
		};
/* End XCBuildConfiguration section */

/* Begin XCConfigurationList section */
		028EA29F2A67E855003965DC /* Build configuration list for PBXProject "RealTimeChat" */ = {
			isa = XCConfigurationList;
			buildConfigurations = (
				028EA2B62A67E856003965DC /* Debug */,
				028EA2B72A67E856003965DC /* Release */,
			);
			defaultConfigurationIsVisible = 0;
			defaultConfigurationName = Release;
		};
		028EA2B82A67E856003965DC /* Build configuration list for PBXNativeTarget "RealTimeChat" */ = {
			isa = XCConfigurationList;
			buildConfigurations = (
				028EA2B92A67E856003965DC /* Debug */,
				028EA2BA2A67E856003965DC /* Release */,
			);
			defaultConfigurationIsVisible = 0;
			defaultConfigurationName = Release;
		};
/* End XCConfigurationList section */

/* Begin XCRemoteSwiftPackageReference section */
		028EA2BD2A67EDF0003965DC /* XCRemoteSwiftPackageReference "firebase-ios-sdk" */ = {
			isa = XCRemoteSwiftPackageReference;
			repositoryURL = "https://github.com/firebase/firebase-ios-sdk";
			requirement = {
				kind = upToNextMajorVersion;
				minimumVersion = 10.0.0;
			};
		};
/* End XCRemoteSwiftPackageReference section */

/* Begin XCSwiftPackageProductDependency section */
		025273332A68046B002A2688 /* FirebaseDatabase */ = {
			isa = XCSwiftPackageProductDependency;
			package = 028EA2BD2A67EDF0003965DC /* XCRemoteSwiftPackageReference "firebase-ios-sdk" */;
			productName = FirebaseDatabase;
		};
		025273352A680474002A2688 /* FirebaseDatabaseSwift */ = {
			isa = XCSwiftPackageProductDependency;
			package = 028EA2BD2A67EDF0003965DC /* XCRemoteSwiftPackageReference "firebase-ios-sdk" */;
			productName = FirebaseDatabaseSwift;
		};
		028EA2BE2A67EDF0003965DC /* FirebaseAuth */ = {
			isa = XCSwiftPackageProductDependency;
			package = 028EA2BD2A67EDF0003965DC /* XCRemoteSwiftPackageReference "firebase-ios-sdk" */;
			productName = FirebaseAuth;
		};
/* End XCSwiftPackageProductDependency section */
	};
	rootObject = 028EA29C2A67E855003965DC /* Project object */;
}
